
Microsoft Visual Studio Solution File, Format Version 12.00
# Visual Studio Version 16
VisualStudioVersion = 16.0.30611.23
MinimumVisualStudioVersion = 10.0.40219.1
Project("{FAE04EC0-301F-11D3-BF4B-00C04F79EFBC}") = "CustomerReader", "CustomerReader.csproj", "{97B1971E-4FAF-4A8D-9BC6-76AA38D42CFE}"
EndProject
Project("{FAE04EC0-301F-11D3-BF4B-00C04F79EFBC}") = "CustomerReaderDL", "..\CustomerReaderDL\CustomerReaderDL.csproj", "{F49056B0-3563-41F1-A174-1C76333EF4F9}"
EndProject
Project("{FAE04EC0-301F-11D3-BF4B-00C04F79EFBC}") = "CustomerReaderBL", "..\CustomerReaderBL\CustomerReaderBL.csproj", "{2B17CC08-8BB5-4732-A681-65788AB262FD}"
EndProject
Project("{FAE04EC0-301F-11D3-BF4B-00C04F79EFBC}") = "CustomerReaderModal", "..\CustomerReaderModal\CustomerReaderModal.csproj", "{46E032F4-70F7-4D7E-8A82-08574D7703B3}"
EndProject
Project("{FAE04EC0-301F-11D3-BF4B-00C04F79EFBC}") = "CustomerReaderTestProject", "..\CustomerRederTestProject\CustomerReaderTestProject.csproj", "{C4009094-CA64-44D3-8DC4-206CC2A576C1}"
EndProject
Global
	GlobalSection(SolutionConfigurationPlatforms) = preSolution
		Debug|Any CPU = Debug|Any CPU
		Release|Any CPU = Release|Any CPU
	EndGlobalSection
	GlobalSection(ProjectConfigurationPlatforms) = postSolution
		{97B1971E-4FAF-4A8D-9BC6-76AA38D42CFE}.Debug|Any CPU.ActiveCfg = Debug|Any CPU
		{97B1971E-4FAF-4A8D-9BC6-76AA38D42CFE}.Debug|Any CPU.Build.0 = Debug|Any CPU
		{97B1971E-4FAF-4A8D-9BC6-76AA38D42CFE}.Release|Any CPU.ActiveCfg = Release|Any CPU
		{97B1971E-4FAF-4A8D-9BC6-76AA38D42CFE}.Release|Any CPU.Build.0 = Release|Any CPU
		{F49056B0-3563-41F1-A174-1C76333EF4F9}.Debug|Any CPU.ActiveCfg = Debug|Any CPU
		{F49056B0-3563-41F1-A174-1C76333EF4F9}.Debug|Any CPU.Build.0 = Debug|Any CPU
		{F49056B0-3563-41F1-A174-1C76333EF4F9}.Release|Any CPU.ActiveCfg = Release|Any CPU
		{F49056B0-3563-41F1-A174-1C76333EF4F9}.Release|Any CPU.Build.0 = Release|Any CPU
		{2B17CC08-8BB5-4732-A681-65788AB262FD}.Debug|Any CPU.ActiveCfg = Debug|Any CPU
		{2B17CC08-8BB5-4732-A681-65788AB262FD}.Debug|Any CPU.Build.0 = Debug|Any CPU
		{2B17CC08-8BB5-4732-A681-65788AB262FD}.Release|Any CPU.ActiveCfg = Release|Any CPU
		{2B17CC08-8BB5-4732-A681-65788AB262FD}.Release|Any CPU.Build.0 = Release|Any CPU
		{46E032F4-70F7-4D7E-8A82-08574D7703B3}.Debug|Any CPU.ActiveCfg = Debug|Any CPU
		{46E032F4-70F7-4D7E-8A82-08574D7703B3}.Debug|Any CPU.Build.0 = Debug|Any CPU
		{46E032F4-70F7-4D7E-8A82-08574D7703B3}.Release|Any CPU.ActiveCfg = Release|Any CPU
		{46E032F4-70F7-4D7E-8A82-08574D7703B3}.Release|Any CPU.Build.0 = Release|Any CPU
		{C4009094-CA64-44D3-8DC4-206CC2A576C1}.Debug|Any CPU.ActiveCfg = Debug|Any CPU
		{C4009094-CA64-44D3-8DC4-206CC2A576C1}.Debug|Any CPU.Build.0 = Debug|Any CPU
		{C4009094-CA64-44D3-8DC4-206CC2A576C1}.Release|Any CPU.ActiveCfg = Release|Any CPU
		{C4009094-CA64-44D3-8DC4-206CC2A576C1}.Release|Any CPU.Build.0 = Release|Any CPU
	EndGlobalSection
	GlobalSection(SolutionProperties) = preSolution
		HideSolutionNode = FALSE
	EndGlobalSection
	GlobalSection(ExtensibilityGlobals) = postSolution
		SolutionGuid = {01323516-2316-47EB-95B0-DA6C8B7A3C30}
	EndGlobalSection
EndGlobal
